
Microsoft Visual Studio Solution File, Format Version 12.00
# Visual Studio Version 17
VisualStudioVersion = 17.8.34330.188
MinimumVisualStudioVersion = 10.0.40219.1
Project("{9A19103F-16F7-4668-BE54-9A1E7A4F7556}") = "TrackMap", "TrackMap\TrackMap.csproj", "{D6642DA0-BEB5-4DA0-B728-4E81BB458A66}"
EndProject
Project("{9A19103F-16F7-4668-BE54-9A1E7A4F7556}") = "TrackMap.Api", "TrackMap.Api\TrackMap.Api.csproj", "{677E48DC-5AD4-4C95-866B-864B8B512B4E}"
EndProject
Project("{9A19103F-16F7-4668-BE54-9A1E7A4F7556}") = "TrackMap.Common", "TrackMap.Common\TrackMap.Common.csproj", "{EC7F9C47-2F84-44DE-A614-3FED02CEC93D}"
EndProject
Global
	GlobalSection(SolutionConfigurationPlatforms) = preSolution
		Debug|Any CPU = Debug|Any CPU
		Release|Any CPU = Release|Any CPU
	EndGlobalSection
	GlobalSection(ProjectConfigurationPlatforms) = postSolution
		{D6642DA0-BEB5-4DA0-B728-4E81BB458A66}.Debug|Any CPU.ActiveCfg = Debug|Any CPU
		{D6642DA0-BEB5-4DA0-B728-4E81BB458A66}.Debug|Any CPU.Build.0 = Debug|Any CPU
		{D6642DA0-BEB5-4DA0-B728-4E81BB458A66}.Release|Any CPU.ActiveCfg = Release|Any CPU
		{D6642DA0-BEB5-4DA0-B728-4E81BB458A66}.Release|Any CPU.Build.0 = Release|Any CPU
		{677E48DC-5AD4-4C95-866B-864B8B512B4E}.Debug|Any CPU.ActiveCfg = Debug|Any CPU
		{677E48DC-5AD4-4C95-866B-864B8B512B4E}.Debug|Any CPU.Build.0 = Debug|Any CPU
		{677E48DC-5AD4-4C95-866B-864B8B512B4E}.Release|Any CPU.ActiveCfg = Release|Any CPU
		{677E48DC-5AD4-4C95-866B-864B8B512B4E}.Release|Any CPU.Build.0 = Release|Any CPU
		{EC7F9C47-2F84-44DE-A614-3FED02CEC93D}.Debug|Any CPU.ActiveCfg = Debug|Any CPU
		{EC7F9C47-2F84-44DE-A614-3FED02CEC93D}.Debug|Any CPU.Build.0 = Debug|Any CPU
		{EC7F9C47-2F84-44DE-A614-3FED02CEC93D}.Release|Any CPU.ActiveCfg = Release|Any CPU
		{EC7F9C47-2F84-44DE-A614-3FED02CEC93D}.Release|Any CPU.Build.0 = Release|Any CPU
	EndGlobalSection
	GlobalSection(SolutionProperties) = preSolution
		HideSolutionNode = FALSE
	EndGlobalSection
	GlobalSection(ExtensibilityGlobals) = postSolution
		SolutionGuid = {6782944A-7B02-4583-A46A-D8D53034BBA9}
	EndGlobalSection
EndGlobal
